// !$*UTF8*$!
{
	archiveVersion = 1;
	classes = {
	};
	objectVersion = 46;
	objects = {

/* Begin PBXBuildFile section */
		362DF71A1F6564D800144163 /* AppDelegate.swift in Sources */ = {isa = PBXBuildFile; fileRef = 362DF7191F6564D800144163 /* AppDelegate.swift */; };
		362DF71C1F6564D800144163 /* ViewController.swift in Sources */ = {isa = PBXBuildFile; fileRef = 362DF71B1F6564D800144163 /* ViewController.swift */; };
		362DF71F1F6564D800144163 /* Main.storyboard in Resources */ = {isa = PBXBuildFile; fileRef = 362DF71D1F6564D800144163 /* Main.storyboard */; };
		362DF7221F6564D800144163 /* Pbnub.xcdatamodeld in Sources */ = {isa = PBXBuildFile; fileRef = 362DF7201F6564D800144163 /* Pbnub.xcdatamodeld */; };
		362DF7241F6564D800144163 /* Assets.xcassets in Resources */ = {isa = PBXBuildFile; fileRef = 362DF7231F6564D800144163 /* Assets.xcassets */; };
		362DF7271F6564D800144163 /* LaunchScreen.storyboard in Resources */ = {isa = PBXBuildFile; fileRef = 362DF7251F6564D800144163 /* LaunchScreen.storyboard */; };
/* End PBXBuildFile section */

/* Begin PBXFileReference section */
		362DF7161F6564D800144163 /* Pbnub.app */ = {isa = PBXFileReference; explicitFileType = wrapper.application; includeInIndex = 0; path = Pbnub.app; sourceTree = BUILT_PRODUCTS_DIR; };
		362DF7191F6564D800144163 /* AppDelegate.swift */ = {isa = PBXFileReference; lastKnownFileType = sourcecode.swift; path = AppDelegate.swift; sourceTree = "<group>"; };
		362DF71B1F6564D800144163 /* ViewController.swift */ = {isa = PBXFileReference; lastKnownFileType = sourcecode.swift; path = ViewController.swift; sourceTree = "<group>"; };
		362DF71E1F6564D800144163 /* Base */ = {isa = PBXFileReference; lastKnownFileType = file.storyboard; name = Base; path = Base.lproj/Main.storyboard; sourceTree = "<group>"; };
		362DF7211F6564D800144163 /* Pbnub.xcdatamodel */ = {isa = PBXFileReference; lastKnownFileType = wrapper.xcdatamodel; path = Pbnub.xcdatamodel; sourceTree = "<group>"; };
		362DF7231F6564D800144163 /* Assets.xcassets */ = {isa = PBXFileReference; lastKnownFileType = folder.assetcatalog; path = Assets.xcassets; sourceTree = "<group>"; };
		362DF7261F6564D800144163 /* Base */ = {isa = PBXFileReference; lastKnownFileType = file.storyboard; name = Base; path = Base.lproj/LaunchScreen.storyboard; sourceTree = "<group>"; };
		362DF7281F6564D800144163 /* Info.plist */ = {isa = PBXFileReference; lastKnownFileType = text.plist.xml; path = Info.plist; sourceTree = "<group>"; };
/* End PBXFileReference section */

/* Begin PBXFrameworksBuildPhase section */
		362DF7131F6564D800144163 /* Frameworks */ = {
			isa = PBXFrameworksBuildPhase;
			buildActionMask = 2147483647;
			files = (
			);
			runOnlyForDeploymentPostprocessing = 0;
		};
/* End PBXFrameworksBuildPhase section */

/* Begin PBXGroup section */
		362DF70D1F6564D800144163 = {
			isa = PBXGroup;
			children = (
				362DF7181F6564D800144163 /* Pbnub */,
				362DF7171F6564D800144163 /* Products */,
			);
			sourceTree = "<group>";
		};
		362DF7171F6564D800144163 /* Products */ = {
			isa = PBXGroup;
			children = (
				362DF7161F6564D800144163 /* Pbnub.app */,
			);
			name = Products;
			sourceTree = "<group>";
		};
		362DF7181F6564D800144163 /* Pbnub */ = {
			isa = PBXGroup;
			children = (
				362DF7191F6564D800144163 /* AppDelegate.swift */,
				362DF71B1F6564D800144163 /* ViewController.swift */,
				362DF71D1F6564D800144163 /* Main.storyboard */,
				362DF7231F6564D800144163 /* Assets.xcassets */,
				362DF7251F6564D800144163 /* LaunchScreen.storyboard */,
				362DF7281F6564D800144163 /* Info.plist */,
				362DF7201F6564D800144163 /* Pbnub.xcdatamodeld */,
			);
			path = Pbnub;
			sourceTree = "<group>";
		};
/* End PBXGroup section */

/* Begin PBXNativeTarget section */
		362DF7151F6564D800144163 /* Pbnub */ = {
			isa = PBXNativeTarget;
			buildConfigurationList = 362DF72B1F6564D800144163 /* Build configuration list for PBXNativeTarget "Pbnub" */;
			buildPhases = (
				362DF7121F6564D800144163 /* Sources */,
				362DF7131F6564D800144163 /* Frameworks */,
				362DF7141F6564D800144163 /* Resources */,
			);
			buildRules = (
			);
			dependencies = (
			);
			name = Pbnub;
			productName = Pbnub;
			productReference = 362DF7161F6564D800144163 /* Pbnub.app */;
			productType = "com.apple.product-type.application";
		};
/* End PBXNativeTarget section */

/* Begin PBXProject section */
		362DF70E1F6564D800144163 /* Project object */ = {
			isa = PBXProject;
			attributes = {
				LastSwiftUpdateCheck = 0830;
				LastUpgradeCheck = 0830;
				ORGANIZATIONNAME = Polina;
				TargetAttributes = {
					362DF7151F6564D800144163 = {
						CreatedOnToolsVersion = 8.3;
						DevelopmentTeam = CBVCE8QCE8;
						ProvisioningStyle = Automatic;
					};
				};
			};
			buildConfigurationList = 362DF7111F6564D800144163 /* Build configuration list for PBXProject "Pbnub" */;
			compatibilityVersion = "Xcode 3.2";
			developmentRegion = English;
			hasScannedForEncodings = 0;
			knownRegions = (
				en,
				Base,
			);
			mainGroup = 362DF70D1F6564D800144163;
			productRefGroup = 362DF7171F6564D800144163 /* Products */;
			projectDirPath = "";
			projectRoot = "";
			targets = (
				362DF7151F6564D800144163 /* Pbnub */,
			);
		};
/* End PBXProject section */

/* Begin PBXResourcesBuildPhase section */
		362DF7141F6564D800144163 /* Resources */ = {
			isa = PBXResourcesBuildPhase;
			buildActionMask = 2147483647;
			files = (
				362DF7271F6564D800144163 /* LaunchScreen.storyboard in Resources */,
				362DF7241F6564D800144163 /* Assets.xcassets in Resources */,
				362DF71F1F6564D800144163 /* Main.storyboard in Resources */,
			);
			runOnlyForDeploymentPostprocessing = 0;
		};
/* End PBXResourcesBuildPhase section */

/* Begin PBXSourcesBuildPhase section */
		362DF7121F6564D800144163 /* Sources */ = {
			isa = PBXSourcesBuildPhase;
			buildActionMask = 2147483647;
			files = (
				362DF71C1F6564D800144163 /* ViewController.swift in Sources */,
				362DF7221F6564D800144163 /* Pbnub.xcdatamodeld in Sources */,
				362DF71A1F6564D800144163 /* AppDelegate.swift in Sources */,
			);
			runOnlyForDeploymentPostprocessing = 0;
		};
/* End PBXSourcesBuildPhase section */

/* Begin PBXVariantGroup section */
		362DF71D1F6564D800144163 /* Main.storyboard */ = {
			isa = PBXVariantGroup;
			children = (
				362DF71E1F6564D800144163 /* Base */,
			);
			name = Main.storyboard;
			sourceTree = "<group>";
		};
		362DF7251F6564D800144163 /* LaunchScreen.storyboard */ = {
			isa = PBXVariantGroup;
			children = (
				362DF7261F6564D800144163 /* Base */,
			);
			name = LaunchScreen.storyboard;
			sourceTree = "<group>";
		};
/* End PBXVariantGroup section */

/* Begin XCBuildConfiguration section */
		362DF7291F6564D800144163 /* Debug */ = {
			isa = XCBuildConfiguration;
			buildSettings = {
				ALWAYS_SEARCH_USER_PATHS = NO;
				CLANG_ANALYZER_NONNULL = YES;
				CLANG_ANALYZER_NUMBER_OBJECT_CONVERSION = YES_AGGRESSIVE;
				CLANG_CXX_LANGUAGE_STANDARD = "gnu++0x";
				CLANG_CXX_LIBRARY = "libc++";
				CLANG_ENABLE_MODULES = YES;
				CLANG_ENABLE_OBJC_ARC = YES;
				CLANG_WARN_BOOL_CONVERSION = YES;
				CLANG_WARN_CONSTANT_CONVERSION = YES;
				CLANG_WARN_DIRECT_OBJC_ISA_USAGE = YES_ERROR;
				CLANG_WARN_DOCUMENTATION_COMMENTS = YES;
				CLANG_WARN_EMPTY_BODY = YES;
				CLANG_WARN_ENUM_CONVERSION = YES;
				CLANG_WARN_INFINITE_RECURSION = YES;
				CLANG_WARN_INT_CONVERSION = YES;
				CLANG_WARN_OBJC_ROOT_CLASS = YES_ERROR;
				CLANG_WARN_SUSPICIOUS_MOVE = YES;
				CLANG_WARN_UNREACHABLE_CODE = YES;
				CLANG_WARN__DUPLICATE_METHOD_MATCH = YES;
				"CODE_SIGN_IDENTITY[sdk=iphoneos*]" = "iPhone Developer";
				COPY_PHASE_STRIP = NO;
				DEBUG_INFORMATION_FORMAT = dwarf;
				ENABLE_STRICT_OBJC_MSGSEND = YES;
				ENABLE_TESTABILITY = YES;
				GCC_C_LANGUAGE_STANDARD = gnu99;
				GCC_DYNAMIC_NO_PIC = NO;
				GCC_NO_COMMON_BLOCKS = YES;
				GCC_OPTIMIZATION_LEVEL = 0;
				GCC_PREPROCESSOR_DEFINITIONS = (
					"DEBUG=1",
					"$(inherited)",
				);
				GCC_WARN_64_TO_32_BIT_CONVERSION = YES;
				GCC_WARN_ABOUT_RETURN_TYPE = YES_ERROR;
				GCC_WARN_UNDECLARED_SELECTOR = YES;
				GCC_WARN_UNINITIALIZED_AUTOS = YES_AGGRESSIVE;
				GCC_WARN_UNUSED_FUNCTION = YES;
				GCC_WARN_UNUSED_VARIABLE = YES;
				IPHONEOS_DEPLOYMENT_TARGET = 10.3;
				MTL_ENABLE_DEBUG_INFO = YES;
				ONLY_ACTIVE_ARCH = YES;
				SDKROOT = iphoneos;
				SWIFT_ACTIVE_COMPILATION_CONDITIONS = DEBUG;
				SWIFT_OPTIMIZATION_LEVEL = "-Onone";
				TARGETED_DEVICE_FAMILY = "1,2";
			};
			name = Debug;
		};
		362DF72A1F6564D800144163 /* Release */ = {
			isa = XCBuildConfiguration;
			buildSettings = {
				ALWAYS_SEARCH_USER_PATHS = NO;
				CLANG_ANALYZER_NONNULL = YES;
				CLANG_ANALYZER_NUMBER_OBJECT_CONVERSION = YES_AGGRESSIVE;
				CLANG_CXX_LANGUAGE_STANDARD = "gnu++0x";
				CLANG_CXX_LIBRARY = "libc++";
				CLANG_ENABLE_MODULES = YES;
				CLANG_ENABLE_OBJC_ARC = YES;
				CLANG_WARN_BOOL_CONVERSION = YES;
				CLANG_WARN_CONSTANT_CONVERSION = YES;
				CLANG_WARN_DIRECT_OBJC_ISA_USAGE = YES_ERROR;
				CLANG_WARN_DOCUMENTATION_COMMENTS = YES;
				CLANG_WARN_EMPTY_BODY = YES;
				CLANG_WARN_ENUM_CONVERSION = YES;
				CLANG_WARN_INFINITE_RECURSION = YES;
				CLANG_WARN_INT_CONVERSION = YES;
				CLANG_WARN_OBJC_ROOT_CLASS = YES_ERROR;
				CLANG_WARN_SUSPICIOUS_MOVE = YES;
				CLANG_WARN_UNREACHABLE_CODE = YES;
				CLANG_WARN__DUPLICATE_METHOD_MATCH = YES;
				"CODE_SIGN_IDENTITY[sdk=iphoneos*]" = "iPhone Developer";
				COPY_PHASE_STRIP = NO;
				DEBUG_INFORMATION_FORMAT = "dwarf-with-dsym";
				ENABLE_NS_ASSERTIONS = NO;
				ENABLE_STRICT_OBJC_MSGSEND = YES;
				GCC_C_LANGUAGE_STANDARD = gnu99;
				GCC_NO_COMMON_BLOCKS = YES;
				GCC_WARN_64_TO_32_BIT_CONVERSION = YES;
				GCC_WARN_ABOUT_RETURN_TYPE = YES_ERROR;
				GCC_WARN_UNDECLARED_SELECTOR = YES;
				GCC_WARN_UNINITIALIZED_AUTOS = YES_AGGRESSIVE;
				GCC_WARN_UNUSED_FUNCTION = YES;
				GCC_WARN_UNUSED_VARIABLE = YES;
				IPHONEOS_DEPLOYMENT_TARGET = 10.3;
				MTL_ENABLE_DEBUG_INFO = NO;
				SDKROOT = iphoneos;
				SWIFT_OPTIMIZATION_LEVEL = "-Owholemodule";
				TARGETED_DEVICE_FAMILY = "1,2";
				VALIDATE_PRODUCT = YES;
			};
			name = Release;
		};
		362DF72C1F6564D800144163 /* Debug */ = {
			isa = XCBuildConfiguration;
			buildSettings = {
				ASSETCATALOG_COMPILER_APPICON_NAME = AppIcon;
				DEVELOPMENT_TEAM = CBVCE8QCE8;
				INFOPLIST_FILE = Pbnub/Info.plist;
				LD_RUNPATH_SEARCH_PATHS = "$(inherited) @executable_path/Frameworks";
				PRODUCT_BUNDLE_IDENTIFIER = polin911.Pbnub;
				PRODUCT_NAME = "$(TARGET_NAME)";
				SWIFT_VERSION = 3.0;
			};
			name = Debug;
		};
		362DF72D1F6564D800144163 /* Release */ = {
			isa = XCBuildConfiguration;
			buildSettings = {
				ASSETCATALOG_COMPILER_APPICON_NAME = AppIcon;
				DEVELOPMENT_TEAM = CBVCE8QCE8;
				INFOPLIST_FILE = Pbnub/Info.plist;
				LD_RUNPATH_SEARCH_PATHS = "$(inherited) @executable_path/Frameworks";
				PRODUCT_BUNDLE_IDENTIFIER = polin911.Pbnub;
				PRODUCT_NAME = "$(TARGET_NAME)";
				SWIFT_VERSION = 3.0;
			};
			name = Release;
		};
/* End XCBuildConfiguration section */

/* Begin XCConfigurationList section */
		362DF7111F6564D800144163 /* Build configuration list for PBXProject "Pbnub" */ = {
			isa = XCConfigurationList;
			buildConfigurations = (
				362DF7291F6564D800144163 /* Debug */,
				362DF72A1F6564D800144163 /* Release */,
			);
			defaultConfigurationIsVisible = 0;
			defaultConfigurationName = Release;
		};
		362DF72B1F6564D800144163 /* Build configuration list for PBXNativeTarget "Pbnub" */ = {
			isa = XCConfigurationList;
			buildConfigurations = (
				362DF72C1F6564D800144163 /* Debug */,
				362DF72D1F6564D800144163 /* Release */,
			);
			defaultConfigurationIsVisible = 0;
		};
/* End XCConfigurationList section */

/* Begin XCVersionGroup section */
		362DF7201F6564D800144163 /* Pbnub.xcdatamodeld */ = {
			isa = XCVersionGroup;
			children = (
				362DF7211F6564D800144163 /* Pbnub.xcdatamodel */,
			);
			currentVersion = 362DF7211F6564D800144163 /* Pbnub.xcdatamodel */;
			path = Pbnub.xcdatamodeld;
			sourceTree = "<group>";
			versionGroupType = wrapper.xcdatamodel;
		};
/* End XCVersionGroup section */
	};
	rootObject = 362DF70E1F6564D800144163 /* Project object */;
}
